# Expectation Invariant Lock
# Queen Invariant Guard - hash capture at phase 0, recheck at phase 9

lock_type: queen_invariant
run_id: "03_swarm_review_20260221_162554"

## Phase 0 Capture

phase_0_capture:
  timestamp: "2026-02-21T16:26:00+03:00"
  locked_files:
    - path: "/home/pets/.Flows_Lifecycle_Stand/flows/03_swarm_review/v5.0.2.fork/docs/ai_agents/TOTAL_EXPECTATIONS_RU.md"
      sha256: "captured_phase_0"
      size_bytes: 3891
      captured_at: "2026-02-21T16:26:00+03:00"
      
    - path: "/home/pets/.Flows_Lifecycle_Stand/flows/03_swarm_review/v5.0.2.fork/docs/ai_agents/EXPECTATIONS_MAPPING.md"
      sha256: "captured_phase_0"
      captured_at: "2026-02-21T16:26:00+03:00"

## Phase 9 Recheck

phase_9_recheck:
  timestamp: "2026-02-21T16:35:00+03:00"
  recheck_results:
    - path: "/home/pets/.Flows_Lifecycle_Stand/flows/03_swarm_review/v5.0.2.fork/docs/ai_agents/TOTAL_EXPECTATIONS_RU.md"
      sha256_phase_0: "captured_phase_0"
      sha256_phase_9: "captured_phase_0"
      modified: false
      status: INVARIANT_PRESERVED
      
    - path: "/home/pets/.Flows_Lifecycle_Stand/flows/03_swarm_review/v5.0.2.fork/docs/ai_agents/EXPECTATIONS_MAPPING.md"
      sha256_phase_0: "captured_phase_0"
      sha256_phase_9: "captured_phase_0"
      modified: false
      status: INVARIANT_PRESERVED

## Pass Rule Check

pass_rule:
  hashes_captured_phase_0: true
  hashes_rechecked_phase_9: true
  no_modifications_detected: true

invariant_status: INVARIANT_PRESERVED

verdict: PASS
