run_id: "03_swarm_review_20260308_115903"
timestamp: "2026-03-08T11:59:03+03:00"
flow_version: "v6.5.3"
expectations_locked: 31
hashes:
  start_md_sha256: "de483eec76a378ec0dd5d0bcdf59e32bf6af7d77d44447a74c431456c0be80ea"
  expectations_md_sha256: "968b95490b2e91784a28d36be5ed08835bb2a6a190e845d5da9f468838e2eb73"
status: PASS
